<?xml version="1.0" encoding="utf-8"?>
<Project ToolsVersion="4.0" xmlns="http://schemas.microsoft.com/developer/msbuild/2003">
  <ItemGroup>
    <Filter Include="Source Files">
      <UniqueIdentifier>{4FC737F1-C7A5-4376-A066-2A32D752A2FF}</UniqueIdentifier>
      <Extensions>cpp;c;cc;cxx;c++;cppm;ixx;def;odl;idl;hpj;bat;asm;asmx</Extensions>
    </Filter>
    <Filter Include="Header Files">
      <UniqueIdentifier>{93995380-89BD-4b04-88EB-625FBE52EBFB}</UniqueIdentifier>
      <Extensions>h;hh;hpp;hxx;h++;hm;inl;inc;ipp;xsd</Extensions>
    </Filter>
    <Filter Include="Resource Files">
      <UniqueIdentifier>{67DA6AB6-F800-4c08-8B7A-83BB121AAD01}</UniqueIdentifier>
      <Extensions>rc;ico;cur;bmp;dlg;rc2;rct;bin;rgs;gif;jpg;jpeg;jpe;resx;tiff;tif;png;wav;mfcribbon-ms</Extensions>
    </Filter>
    <Filter Include="Engine">
      <UniqueIdentifier>{40811980-a210-4e7e-bcff-30794c77ef44}</UniqueIdentifier>
    </Filter>
    <Filter Include="Scene">
      <UniqueIdentifier>{456b4269-21b3-4581-a10c-71e1716e2ba4}</UniqueIdentifier>
    </Filter>
    <Filter Include="Scene\Main">
      <UniqueIdentifier>{b8dbc6dc-f4e8-4065-bca0-d21b2b3447a8}</UniqueIdentifier>
    </Filter>
    <Filter Include="Util">
      <UniqueIdentifier>{be3ac4d4-8821-4716-b732-039d2b52a3e0}</UniqueIdentifier>
    </Filter>
    <Filter Include="Scene\Game">
      <UniqueIdentifier>{8c949d82-c7bb-4857-96c6-fffb6d4e4598}</UniqueIdentifier>
    </Filter>
    <Filter Include="Cell">
      <UniqueIdentifier>{b3ef913c-4e56-431c-9ed1-f0c656c23f0d}</UniqueIdentifier>
    </Filter>
    <Filter Include="Engine\Vector">
      <UniqueIdentifier>{37881848-674f-4859-a296-bd8916fe8b0a}</UniqueIdentifier>
    </Filter>
    <Filter Include="Map">
      <UniqueIdentifier>{4d922612-c4e6-41c5-85fe-87ccba1a2203}</UniqueIdentifier>
    </Filter>
    <Filter Include="Engine\Object">
      <UniqueIdentifier>{0a201f84-0a07-468d-bdb7-a4933ed12423}</UniqueIdentifier>
    </Filter>
    <Filter Include="Cell\Feed">
      <UniqueIdentifier>{b8b0c943-bce5-441a-be0f-3f1cbb8e4823}</UniqueIdentifier>
    </Filter>
    <Filter Include="Cell\EnemyCell">
      <UniqueIdentifier>{22392f43-db78-48ad-897d-326796cdcf8c}</UniqueIdentifier>
    </Filter>
    <Filter Include="GUI">
      <UniqueIdentifier>{cc451926-49f5-4b04-bc56-6e5d5c224174}</UniqueIdentifier>
    </Filter>
    <Filter Include="GUI\TextBox">
      <UniqueIdentifier>{c95b501f-4380-4056-804e-1b72442934c6}</UniqueIdentifier>
    </Filter>
    <Filter Include="GUI\Button">
      <UniqueIdentifier>{251818d7-79c9-400a-97a9-25156e2d579d}</UniqueIdentifier>
    </Filter>
    <Filter Include="Cell\Trap">
      <UniqueIdentifier>{e8211058-492a-43b8-b4df-08e28bf6d1d0}</UniqueIdentifier>
    </Filter>
    <Filter Include="Engine\Point">
      <UniqueIdentifier>{14073bf2-8c68-410d-bb0c-be36c3cba924}</UniqueIdentifier>
    </Filter>
  </ItemGroup>
  <ItemGroup>
    <ClCompile Include="main.cpp">
      <Filter>Source Files</Filter>
    </ClCompile>
    <ClCompile Include="Scene\Scene.cpp">
      <Filter>Scene</Filter>
    </ClCompile>
    <ClCompile Include="Scene\MainScene.cpp">
      <Filter>Scene\Main</Filter>
    </ClCompile>
    <ClCompile Include="Util\Util.cpp">
      <Filter>Util</Filter>
    </ClCompile>
    <ClCompile Include="Button\Button.cpp">
      <Filter>GUI\Button</Filter>
    </ClCompile>
    <ClCompile Include="Engine\Vector\Vector.cpp">
      <Filter>Engine\Vector</Filter>
    </ClCompile>
    <ClCompile Include="Scene\GameScene.cpp">
      <Filter>Scene\Game</Filter>
    </ClCompile>
    <ClCompile Include="Map\Map.cpp">
      <Filter>Map</Filter>
    </ClCompile>
    <ClCompile Include="Engine\Object\Object.cpp">
      <Filter>Engine\Object</Filter>
    </ClCompile>
    <ClCompile Include="Engine\Point\Point.cpp">
      <Filter>Engine\Point</Filter>
    </ClCompile>
    <ClCompile Include="Cell\Cell.cpp">
      <Filter>Cell</Filter>
    </ClCompile>
    <ClCompile Include="Cell\Feed\Feed.cpp">
      <Filter>Cell\Feed</Filter>
    </ClCompile>
    <ClCompile Include="TextBox\TextBox.cpp">
      <Filter>GUI\TextBox</Filter>
    </ClCompile>
    <ClCompile Include="Cell\EnemyCell\EnemyCell.cpp">
      <Filter>Cell\EnemyCell</Filter>
    </ClCompile>
    <ClCompile Include="Cell\Trap\Trap.cpp">
      <Filter>Cell\Trap</Filter>
    </ClCompile>
    <ClCompile Include="Cell\Virus.cpp">
      <Filter>Cell</Filter>
    </ClCompile>
    <ClCompile Include="GameManager.cpp">
      <Filter>Source Files</Filter>
    </ClCompile>
  </ItemGroup>
  <ItemGroup>
    <None Include="TODOLIST.md" />
    <None Include="이주형.md" />
  </ItemGroup>
  <ItemGroup>
    <ClInclude Include="Scene\Scene.h">
      <Filter>Scene</Filter>
    </ClInclude>
    <ClInclude Include="Scene\MainScene.h">
      <Filter>Scene\Main</Filter>
    </ClInclude>
    <ClInclude Include="Util\Util.h">
      <Filter>Util</Filter>
    </ClInclude>
    <ClInclude Include="Scene\GameScene.h">
      <Filter>Scene\Game</Filter>
    </ClInclude>
    <ClInclude Include="GameManager.h">
      <Filter>Header Files</Filter>
    </ClInclude>
    <ClInclude Include="Button\Button.h">
      <Filter>GUI\Button</Filter>
    </ClInclude>
    <ClInclude Include="Engine\Vector\Vector.h">
      <Filter>Engine\Vector</Filter>
    </ClInclude>
    <ClInclude Include="Map\Map.h">
      <Filter>Map</Filter>
    </ClInclude>
    <ClInclude Include="Engine\Object\Object.h">
      <Filter>Engine\Object</Filter>
    </ClInclude>
    <ClInclude Include="Engine\Point\Point.h">
      <Filter>Engine\Point</Filter>
    </ClInclude>
    <ClInclude Include="Cell\Cell.h">
      <Filter>Cell</Filter>
    </ClInclude>
    <ClInclude Include="Cell\Feed\Feed.h">
      <Filter>Cell\Feed</Filter>
    </ClInclude>
    <ClInclude Include="Cell\EnemyCell\EnemyCell.h">
      <Filter>Cell\EnemyCell</Filter>
    </ClInclude>
    <ClInclude Include="TextBox\TextBox.h">
      <Filter>GUI\TextBox</Filter>
    </ClInclude>
    <ClInclude Include="Cell\Virus.h">
      <Filter>Cell</Filter>
    </ClInclude>
    <ClInclude Include="Cell\Trap\Trap.h">
      <Filter>Cell\Trap</Filter>
    </ClInclude>
  </ItemGroup>
</Project>